
Microsoft Visual Studio Solution File, Format Version 12.00
# Visual Studio Version 17
VisualStudioVersion = 17.4.33110.190
MinimumVisualStudioVersion = 10.0.40219.1
Project("{FAE04EC0-301F-11D3-BF4B-00C04F79EFBC}") = "OPPSConcept", "OPPSConcept\OPPSConcept.csproj", "{4EEAE538-141F-4E94-90CE-EA13B61D530C}"
EndProject
Global
	GlobalSection(SolutionConfigurationPlatforms) = preSolution
		Debug|Any CPU = Debug|Any CPU
		Release|Any CPU = Release|Any CPU
	EndGlobalSection
	GlobalSection(ProjectConfigurationPlatforms) = postSolution
		{4EEAE538-141F-4E94-90CE-EA13B61D530C}.Debug|Any CPU.ActiveCfg = Debug|Any CPU
		{4EEAE538-141F-4E94-90CE-EA13B61D530C}.Debug|Any CPU.Build.0 = Debug|Any CPU
		{4EEAE538-141F-4E94-90CE-EA13B61D530C}.Release|Any CPU.ActiveCfg = Release|Any CPU
		{4EEAE538-141F-4E94-90CE-EA13B61D530C}.Release|Any CPU.Build.0 = Release|Any CPU
	EndGlobalSection
	GlobalSection(SolutionProperties) = preSolution
		HideSolutionNode = FALSE
	EndGlobalSection
	GlobalSection(ExtensibilityGlobals) = postSolution
		SolutionGuid = {6E77B24B-04A7-421A-8B5D-BFC0A4500F90}
	EndGlobalSection
EndGlobal
